{
  "name": "test3",
  "version": "1.0.0",
  "lockfileVersion": 1,
  "requires": true,
  "dependencies": {
    "assert": {
      "version": "1.4.1",
      "resolved": "https://registry.npmjs.org/assert/-/assert-1.4.1.tgz",
      "integrity": "sha1-mZEtWRg2tab1s0XA8H7vwI/GXZE=",
      "requires": {
        "util": "0.10.3"
      }
    },
    "big-integer": {
      "version": "1.6.42",
      "resolved": "https://registry.npmjs.org/big-integer/-/big-integer-1.6.42.tgz",
      "integrity": "sha512-3UQFKcRMx+5Z+IK5vYTMYK2jzLRJkt+XqyDdacgWgtMjjuifKpKTFneJLEgeBElOE2/lXZ1LcMcb5s8pwG2U8Q=="
    },
    "inherits": {
      "version": "2.0.1",
      "resolved": "https://registry.npmjs.org/inherits/-/inherits-2.0.1.tgz",
      "integrity": "sha1-sX0I0ya0Qj5Wjv9xn5GwscvfafE="
    },
    "paillier-in-set-zkp": {
      "version": "file:paillier-in-set-zkp",
      "requires": {
        "big-integer": "^1.6.36",
        "paillier-js": "^0.9.2"
      },
      "dependencies": {
        "big-integer": {
          "version": "1.6.36",
          "bundled": true
        },
        "paillier-js": {
          "version": "0.9.2",
          "bundled": true,
          "requires": {
            "big-integer": "^1.6.28"
          }
        }
      }
    },
    "paillier-js": {
      "version": "0.9.2",
      "resolved": "https://registry.npmjs.org/paillier-js/-/paillier-js-0.9.2.tgz",
      "integrity": "sha512-nl0tj9Odu/v4rp4+jQ8fc9xVcVyRfAahxDR4ew6JkRSBO/D6viH7zUzgGDvweFio0QUcXyatUC2ZB0CYPUyUwQ==",
      "requires": {
        "big-integer": "^1.6.28"
      }
    },
    "util": {
      "version": "0.10.3",
      "resolved": "https://registry.npmjs.org/util/-/util-0.10.3.tgz",
      "integrity": "sha1-evsa/lCAUkZInj23/g7TeTNqwPk=",
      "requires": {
        "inherits": "2.0.1"
      }
    }
  }
}
